
Microsoft Visual Studio Solution File, Format Version 12.00
# Visual Studio Version 17
VisualStudioVersion = 17.8.34316.72
MinimumVisualStudioVersion = 10.0.40219.1
Project("{FAE04EC0-301F-11D3-BF4B-00C04F79EFBC}") = "registerWithSHA256", "registerWithSHA256\registerWithSHA256.csproj", "{4547B4F8-FC47-441A-A5C8-43320DF01812}"
EndProject
Global
	GlobalSection(SolutionConfigurationPlatforms) = preSolution
		Debug|Any CPU = Debug|Any CPU
		Release|Any CPU = Release|Any CPU
	EndGlobalSection
	GlobalSection(ProjectConfigurationPlatforms) = postSolution
		{4547B4F8-FC47-441A-A5C8-43320DF01812}.Debug|Any CPU.ActiveCfg = Debug|Any CPU
		{4547B4F8-FC47-441A-A5C8-43320DF01812}.Debug|Any CPU.Build.0 = Debug|Any CPU
		{4547B4F8-FC47-441A-A5C8-43320DF01812}.Release|Any CPU.ActiveCfg = Release|Any CPU
		{4547B4F8-FC47-441A-A5C8-43320DF01812}.Release|Any CPU.Build.0 = Release|Any CPU
	EndGlobalSection
	GlobalSection(SolutionProperties) = preSolution
		HideSolutionNode = FALSE
	EndGlobalSection
	GlobalSection(ExtensibilityGlobals) = postSolution
		SolutionGuid = {0F2A689C-7379-4D86-89F0-4A298A7E511E}
	EndGlobalSection
EndGlobal
